// !$*UTF8*$!
{
	archiveVersion = 1;
	classes = {
	};
	objectVersion = 46;
	objects = {

/* Begin PBXBuildFile section */
		5E5460D11AAE278E0007F981 /* main.m in Sources */ = {isa = PBXBuildFile; fileRef = 5E5460D01AAE278E0007F981 /* main.m */; };
		5E5460D41AAE278E0007F981 /* AppDelegate.m in Sources */ = {isa = PBXBuildFile; fileRef = 5E5460D31AAE278E0007F981 /* AppDelegate.m */; };
		5E5460D71AAE278F0007F981 /* ViewController.m in Sources */ = {isa = PBXBuildFile; fileRef = 5E5460D61AAE278F0007F981 /* ViewController.m */; };
		5E5460DA1AAE278F0007F981 /* Main.storyboard in Resources */ = {isa = PBXBuildFile; fileRef = 5E5460D81AAE278F0007F981 /* Main.storyboard */; };
		5E5460DC1AAE278F0007F981 /* Images.xcassets in Resources */ = {isa = PBXBuildFile; fileRef = 5E5460DB1AAE278F0007F981 /* Images.xcassets */; };
		5E5460DF1AAE278F0007F981 /* LaunchScreen.xib in Resources */ = {isa = PBXBuildFile; fileRef = 5E5460DD1AAE278F0007F981 /* LaunchScreen.xib */; };
		5E5460EB1AAE278F0007F981 /* MultiplyTests.m in Sources */ = {isa = PBXBuildFile; fileRef = 5E5460EA1AAE278F0007F981 /* MultiplyTests.m */; };
/* End PBXBuildFile section */

/* Begin PBXContainerItemProxy section */
		5E5460E51AAE278F0007F981 /* PBXContainerItemProxy */ = {
			isa = PBXContainerItemProxy;
			containerPortal = 5E5460C31AAE278E0007F981 /* Project object */;
			proxyType = 1;
			remoteGlobalIDString = 5E5460CA1AAE278E0007F981;
			remoteInfo = Multiply;
		};
/* End PBXContainerItemProxy section */

/* Begin PBXFileReference section */
		5E5460CB1AAE278E0007F981 /* Multiply.app */ = {isa = PBXFileReference; explicitFileType = wrapper.application; includeInIndex = 0; path = Multiply.app; sourceTree = BUILT_PRODUCTS_DIR; };
		5E5460CF1AAE278E0007F981 /* Info.plist */ = {isa = PBXFileReference; lastKnownFileType = text.plist.xml; path = Info.plist; sourceTree = "<group>"; };
		5E5460D01AAE278E0007F981 /* main.m */ = {isa = PBXFileReference; lastKnownFileType = sourcecode.c.objc; path = main.m; sourceTree = "<group>"; };
		5E5460D21AAE278E0007F981 /* AppDelegate.h */ = {isa = PBXFileReference; lastKnownFileType = sourcecode.c.h; path = AppDelegate.h; sourceTree = "<group>"; };
		5E5460D31AAE278E0007F981 /* AppDelegate.m */ = {isa = PBXFileReference; lastKnownFileType = sourcecode.c.objc; path = AppDelegate.m; sourceTree = "<group>"; };
		5E5460D51AAE278E0007F981 /* ViewController.h */ = {isa = PBXFileReference; lastKnownFileType = sourcecode.c.h; path = ViewController.h; sourceTree = "<group>"; };
		5E5460D61AAE278F0007F981 /* ViewController.m */ = {isa = PBXFileReference; lastKnownFileType = sourcecode.c.objc; path = ViewController.m; sourceTree = "<group>"; };
		5E5460D91AAE278F0007F981 /* Base */ = {isa = PBXFileReference; lastKnownFileType = file.storyboard; name = Base; path = Base.lproj/Main.storyboard; sourceTree = "<group>"; };
		5E5460DB1AAE278F0007F981 /* Images.xcassets */ = {isa = PBXFileReference; lastKnownFileType = folder.assetcatalog; path = Images.xcassets; sourceTree = "<group>"; };
		5E5460DE1AAE278F0007F981 /* Base */ = {isa = PBXFileReference; lastKnownFileType = file.xib; name = Base; path = Base.lproj/LaunchScreen.xib; sourceTree = "<group>"; };
		5E5460E41AAE278F0007F981 /* MultiplyTests.xctest */ = {isa = PBXFileReference; explicitFileType = wrapper.cfbundle; includeInIndex = 0; path = MultiplyTests.xctest; sourceTree = BUILT_PRODUCTS_DIR; };
		5E5460E91AAE278F0007F981 /* Info.plist */ = {isa = PBXFileReference; lastKnownFileType = text.plist.xml; path = Info.plist; sourceTree = "<group>"; };
		5E5460EA1AAE278F0007F981 /* MultiplyTests.m */ = {isa = PBXFileReference; lastKnownFileType = sourcecode.c.objc; path = MultiplyTests.m; sourceTree = "<group>"; };
/* End PBXFileReference section */

/* Begin PBXFrameworksBuildPhase section */
		5E5460C81AAE278E0007F981 /* Frameworks */ = {
			isa = PBXFrameworksBuildPhase;
			buildActionMask = 2147483647;
			files = (
			);
			runOnlyForDeploymentPostprocessing = 0;
		};
		5E5460E11AAE278F0007F981 /* Frameworks */ = {
			isa = PBXFrameworksBuildPhase;
			buildActionMask = 2147483647;
			files = (
			);
			runOnlyForDeploymentPostprocessing = 0;
		};
/* End PBXFrameworksBuildPhase section */

/* Begin PBXGroup section */
		5E5460C21AAE278E0007F981 = {
			isa = PBXGroup;
			children = (
				5E5460CD1AAE278E0007F981 /* Multiply */,
				5E5460E71AAE278F0007F981 /* MultiplyTests */,
				5E5460CC1AAE278E0007F981 /* Products */,
			);
			sourceTree = "<group>";
		};
		5E5460CC1AAE278E0007F981 /* Products */ = {
			isa = PBXGroup;
			children = (
				5E5460CB1AAE278E0007F981 /* Multiply.app */,
				5E5460E41AAE278F0007F981 /* MultiplyTests.xctest */,
			);
			name = Products;
			sourceTree = "<group>";
		};
		5E5460CD1AAE278E0007F981 /* Multiply */ = {
			isa = PBXGroup;
			children = (
				5E5460D21AAE278E0007F981 /* AppDelegate.h */,
				5E5460D31AAE278E0007F981 /* AppDelegate.m */,
				5E5460D51AAE278E0007F981 /* ViewController.h */,
				5E5460D61AAE278F0007F981 /* ViewController.m */,
				5E5460D81AAE278F0007F981 /* Main.storyboard */,
				5E5460DB1AAE278F0007F981 /* Images.xcassets */,
				5E5460DD1AAE278F0007F981 /* LaunchScreen.xib */,
				5E5460CE1AAE278E0007F981 /* Supporting Files */,
			);
			path = Multiply;
			sourceTree = "<group>";
		};
		5E5460CE1AAE278E0007F981 /* Supporting Files */ = {
			isa = PBXGroup;
			children = (
				5E5460CF1AAE278E0007F981 /* Info.plist */,
				5E5460D01AAE278E0007F981 /* main.m */,
			);
			name = "Supporting Files";
			sourceTree = "<group>";
		};
		5E5460E71AAE278F0007F981 /* MultiplyTests */ = {
			isa = PBXGroup;
			children = (
				5E5460EA1AAE278F0007F981 /* MultiplyTests.m */,
				5E5460E81AAE278F0007F981 /* Supporting Files */,
			);
			path = MultiplyTests;
			sourceTree = "<group>";
		};
		5E5460E81AAE278F0007F981 /* Supporting Files */ = {
			isa = PBXGroup;
			children = (
				5E5460E91AAE278F0007F981 /* Info.plist */,
			);
			name = "Supporting Files";
			sourceTree = "<group>";
		};
/* End PBXGroup section */

/* Begin PBXNativeTarget section */
		5E5460CA1AAE278E0007F981 /* Multiply */ = {
			isa = PBXNativeTarget;
			buildConfigurationList = 5E5460EE1AAE278F0007F981 /* Build configuration list for PBXNativeTarget "Multiply" */;
			buildPhases = (
				5E5460C71AAE278E0007F981 /* Sources */,
				5E5460C81AAE278E0007F981 /* Frameworks */,
				5E5460C91AAE278E0007F981 /* Resources */,
			);
			buildRules = (
			);
			dependencies = (
			);
			name = Multiply;
			productName = Multiply;
			productReference = 5E5460CB1AAE278E0007F981 /* Multiply.app */;
			productType = "com.apple.product-type.application";
		};
		5E5460E31AAE278F0007F981 /* MultiplyTests */ = {
			isa = PBXNativeTarget;
			buildConfigurationList = 5E5460F11AAE278F0007F981 /* Build configuration list for PBXNativeTarget "MultiplyTests" */;
			buildPhases = (
				5E5460E01AAE278F0007F981 /* Sources */,
				5E5460E11AAE278F0007F981 /* Frameworks */,
				5E5460E21AAE278F0007F981 /* Resources */,
			);
			buildRules = (
			);
			dependencies = (
				5E5460E61AAE278F0007F981 /* PBXTargetDependency */,
			);
			name = MultiplyTests;
			productName = MultiplyTests;
			productReference = 5E5460E41AAE278F0007F981 /* MultiplyTests.xctest */;
			productType = "com.apple.product-type.bundle.unit-test";
		};
/* End PBXNativeTarget section */

/* Begin PBXProject section */
		5E5460C31AAE278E0007F981 /* Project object */ = {
			isa = PBXProject;
			attributes = {
				LastUpgradeCheck = 0610;
				ORGANIZATIONNAME = MobileMakers;
				TargetAttributes = {
					5E5460CA1AAE278E0007F981 = {
						CreatedOnToolsVersion = 6.1.1;
					};
					5E5460E31AAE278F0007F981 = {
						CreatedOnToolsVersion = 6.1.1;
						TestTargetID = 5E5460CA1AAE278E0007F981;
					};
				};
			};
			buildConfigurationList = 5E5460C61AAE278E0007F981 /* Build configuration list for PBXProject "Multiply" */;
			compatibilityVersion = "Xcode 3.2";
			developmentRegion = English;
			hasScannedForEncodings = 0;
			knownRegions = (
				en,
				Base,
			);
			mainGroup = 5E5460C21AAE278E0007F981;
			productRefGroup = 5E5460CC1AAE278E0007F981 /* Products */;
			projectDirPath = "";
			projectRoot = "";
			targets = (
				5E5460CA1AAE278E0007F981 /* Multiply */,
				5E5460E31AAE278F0007F981 /* MultiplyTests */,
			);
		};
/* End PBXProject section */

/* Begin PBXResourcesBuildPhase section */
		5E5460C91AAE278E0007F981 /* Resources */ = {
			isa = PBXResourcesBuildPhase;
			buildActionMask = 2147483647;
			files = (
				5E5460DA1AAE278F0007F981 /* Main.storyboard in Resources */,
				5E5460DF1AAE278F0007F981 /* LaunchScreen.xib in Resources */,
				5E5460DC1AAE278F0007F981 /* Images.xcassets in Resources */,
			);
			runOnlyForDeploymentPostprocessing = 0;
		};
		5E5460E21AAE278F0007F981 /* Resources */ = {
			isa = PBXResourcesBuildPhase;
			buildActionMask = 2147483647;
			files = (
			);
			runOnlyForDeploymentPostprocessing = 0;
		};
/* End PBXResourcesBuildPhase section */

/* Begin PBXSourcesBuildPhase section */
		5E5460C71AAE278E0007F981 /* Sources */ = {
			isa = PBXSourcesBuildPhase;
			buildActionMask = 2147483647;
			files = (
				5E5460D71AAE278F0007F981 /* ViewController.m in Sources */,
				5E5460D41AAE278E0007F981 /* AppDelegate.m in Sources */,
				5E5460D11AAE278E0007F981 /* main.m in Sources */,
			);
			runOnlyForDeploymentPostprocessing = 0;
		};
		5E5460E01AAE278F0007F981 /* Sources */ = {
			isa = PBXSourcesBuildPhase;
			buildActionMask = 2147483647;
			files = (
				5E5460EB1AAE278F0007F981 /* MultiplyTests.m in Sources */,
			);
			runOnlyForDeploymentPostprocessing = 0;
		};
/* End PBXSourcesBuildPhase section */

/* Begin PBXTargetDependency section */
		5E5460E61AAE278F0007F981 /* PBXTargetDependency */ = {
			isa = PBXTargetDependency;
			target = 5E5460CA1AAE278E0007F981 /* Multiply */;
			targetProxy = 5E5460E51AAE278F0007F981 /* PBXContainerItemProxy */;
		};
/* End PBXTargetDependency section */

/* Begin PBXVariantGroup section */
		5E5460D81AAE278F0007F981 /* Main.storyboard */ = {
			isa = PBXVariantGroup;
			children = (
				5E5460D91AAE278F0007F981 /* Base */,
			);
			name = Main.storyboard;
			sourceTree = "<group>";
		};
		5E5460DD1AAE278F0007F981 /* LaunchScreen.xib */ = {
			isa = PBXVariantGroup;
			children = (
				5E5460DE1AAE278F0007F981 /* Base */,
			);
			name = LaunchScreen.xib;
			sourceTree = "<group>";
		};
/* End PBXVariantGroup section */

/* Begin XCBuildConfiguration section */
		5E5460EC1AAE278F0007F981 /* Debug */ = {
			isa = XCBuildConfiguration;
			buildSettings = {
				ALWAYS_SEARCH_USER_PATHS = NO;
				CLANG_CXX_LANGUAGE_STANDARD = "gnu++0x";
				CLANG_CXX_LIBRARY = "libc++";
				CLANG_ENABLE_MODULES = YES;
				CLANG_ENABLE_OBJC_ARC = YES;
				CLANG_WARN_BOOL_CONVERSION = YES;
				CLANG_WARN_CONSTANT_CONVERSION = YES;
				CLANG_WARN_DIRECT_OBJC_ISA_USAGE = YES_ERROR;
				CLANG_WARN_EMPTY_BODY = YES;
				CLANG_WARN_ENUM_CONVERSION = YES;
				CLANG_WARN_INT_CONVERSION = YES;
				CLANG_WARN_OBJC_ROOT_CLASS = YES_ERROR;
				CLANG_WARN_UNREACHABLE_CODE = YES;
				CLANG_WARN__DUPLICATE_METHOD_MATCH = YES;
				"CODE_SIGN_IDENTITY[sdk=iphoneos*]" = "iPhone Developer";
				COPY_PHASE_STRIP = NO;
				ENABLE_STRICT_OBJC_MSGSEND = YES;
				GCC_C_LANGUAGE_STANDARD = gnu99;
				GCC_DYNAMIC_NO_PIC = NO;
				GCC_OPTIMIZATION_LEVEL = 0;
				GCC_PREPROCESSOR_DEFINITIONS = (
					"DEBUG=1",
					"$(inherited)",
				);
				GCC_SYMBOLS_PRIVATE_EXTERN = NO;
				GCC_WARN_64_TO_32_BIT_CONVERSION = YES;
				GCC_WARN_ABOUT_RETURN_TYPE = YES_ERROR;
				GCC_WARN_UNDECLARED_SELECTOR = YES;
				GCC_WARN_UNINITIALIZED_AUTOS = YES_AGGRESSIVE;
				GCC_WARN_UNUSED_FUNCTION = YES;
				GCC_WARN_UNUSED_VARIABLE = YES;
				IPHONEOS_DEPLOYMENT_TARGET = 8.1;
				MTL_ENABLE_DEBUG_INFO = YES;
				ONLY_ACTIVE_ARCH = YES;
				SDKROOT = iphoneos;
			};
			name = Debug;
		};
		5E5460ED1AAE278F0007F981 /* Release */ = {
			isa = XCBuildConfiguration;
			buildSettings = {
				ALWAYS_SEARCH_USER_PATHS = NO;
				CLANG_CXX_LANGUAGE_STANDARD = "gnu++0x";
				CLANG_CXX_LIBRARY = "libc++";
				CLANG_ENABLE_MODULES = YES;
				CLANG_ENABLE_OBJC_ARC = YES;
				CLANG_WARN_BOOL_CONVERSION = YES;
				CLANG_WARN_CONSTANT_CONVERSION = YES;
				CLANG_WARN_DIRECT_OBJC_ISA_USAGE = YES_ERROR;
				CLANG_WARN_EMPTY_BODY = YES;
				CLANG_WARN_ENUM_CONVERSION = YES;
				CLANG_WARN_INT_CONVERSION = YES;
				CLANG_WARN_OBJC_ROOT_CLASS = YES_ERROR;
				CLANG_WARN_UNREACHABLE_CODE = YES;
				CLANG_WARN__DUPLICATE_METHOD_MATCH = YES;
				"CODE_SIGN_IDENTITY[sdk=iphoneos*]" = "iPhone Developer";
				COPY_PHASE_STRIP = YES;
				ENABLE_NS_ASSERTIONS = NO;
				ENABLE_STRICT_OBJC_MSGSEND = YES;
				GCC_C_LANGUAGE_STANDARD = gnu99;
				GCC_WARN_64_TO_32_BIT_CONVERSION = YES;
				GCC_WARN_ABOUT_RETURN_TYPE = YES_ERROR;
				GCC_WARN_UNDECLARED_SELECTOR = YES;
				GCC_WARN_UNINITIALIZED_AUTOS = YES_AGGRESSIVE;
				GCC_WARN_UNUSED_FUNCTION = YES;
				GCC_WARN_UNUSED_VARIABLE = YES;
				IPHONEOS_DEPLOYMENT_TARGET = 8.1;
				MTL_ENABLE_DEBUG_INFO = NO;
				SDKROOT = iphoneos;
				VALIDATE_PRODUCT = YES;
			};
			name = Release;
		};
		5E5460EF1AAE278F0007F981 /* Debug */ = {
			isa = XCBuildConfiguration;
			buildSettings = {
				ASSETCATALOG_COMPILER_APPICON_NAME = AppIcon;
				INFOPLIST_FILE = Multiply/Info.plist;
				LD_RUNPATH_SEARCH_PATHS = "$(inherited) @executable_path/Frameworks";
				PRODUCT_NAME = "$(TARGET_NAME)";
			};
			name = Debug;
		};
		5E5460F01AAE278F0007F981 /* Release */ = {
			isa = XCBuildConfiguration;
			buildSettings = {
				ASSETCATALOG_COMPILER_APPICON_NAME = AppIcon;
				INFOPLIST_FILE = Multiply/Info.plist;
				LD_RUNPATH_SEARCH_PATHS = "$(inherited) @executable_path/Frameworks";
				PRODUCT_NAME = "$(TARGET_NAME)";
			};
			name = Release;
		};
		5E5460F21AAE278F0007F981 /* Debug */ = {
			isa = XCBuildConfiguration;
			buildSettings = {
				BUNDLE_LOADER = "$(TEST_HOST)";
				FRAMEWORK_SEARCH_PATHS = (
					"$(SDKROOT)/Developer/Library/Frameworks",
					"$(inherited)",
				);
				GCC_PREPROCESSOR_DEFINITIONS = (
					"DEBUG=1",
					"$(inherited)",
				);
				INFOPLIST_FILE = MultiplyTests/Info.plist;
				LD_RUNPATH_SEARCH_PATHS = "$(inherited) @executable_path/Frameworks @loader_path/Frameworks";
				PRODUCT_NAME = "$(TARGET_NAME)";
				TEST_HOST = "$(BUILT_PRODUCTS_DIR)/Multiply.app/Multiply";
			};
			name = Debug;
		};
		5E5460F31AAE278F0007F981 /* Release */ = {
			isa = XCBuildConfiguration;
			buildSettings = {
				BUNDLE_LOADER = "$(TEST_HOST)";
				FRAMEWORK_SEARCH_PATHS = (
					"$(SDKROOT)/Developer/Library/Frameworks",
					"$(inherited)",
				);
				INFOPLIST_FILE = MultiplyTests/Info.plist;
				LD_RUNPATH_SEARCH_PATHS = "$(inherited) @executable_path/Frameworks @loader_path/Frameworks";
				PRODUCT_NAME = "$(TARGET_NAME)";
				TEST_HOST = "$(BUILT_PRODUCTS_DIR)/Multiply.app/Multiply";
			};
			name = Release;
		};
/* End XCBuildConfiguration section */

/* Begin XCConfigurationList section */
		5E5460C61AAE278E0007F981 /* Build configuration list for PBXProject "Multiply" */ = {
			isa = XCConfigurationList;
			buildConfigurations = (
				5E5460EC1AAE278F0007F981 /* Debug */,
				5E5460ED1AAE278F0007F981 /* Release */,
			);
			defaultConfigurationIsVisible = 0;
			defaultConfigurationName = Release;
		};
		5E5460EE1AAE278F0007F981 /* Build configuration list for PBXNativeTarget "Multiply" */ = {
			isa = XCConfigurationList;
			buildConfigurations = (
				5E5460EF1AAE278F0007F981 /* Debug */,
				5E5460F01AAE278F0007F981 /* Release */,
			);
			defaultConfigurationIsVisible = 0;
		};
		5E5460F11AAE278F0007F981 /* Build configuration list for PBXNativeTarget "MultiplyTests" */ = {
			isa = XCConfigurationList;
			buildConfigurations = (
				5E5460F21AAE278F0007F981 /* Debug */,
				5E5460F31AAE278F0007F981 /* Release */,
			);
			defaultConfigurationIsVisible = 0;
		};
/* End XCConfigurationList section */
	};
	rootObject = 5E5460C31AAE278E0007F981 /* Project object */;
}
